
Microsoft Visual Studio Solution File, Format Version 12.00
# Visual Studio 2012
Project("{FAE04EC0-301F-11D3-BF4B-00C04F79EFBC}") = "Xwt", "Xwt\Xwt.csproj", "{92494904-35FA-4DC9-BDE9-3A3E87AC49D3}"
EndProject
Project("{FAE04EC0-301F-11D3-BF4B-00C04F79EFBC}") = "Xwt.Gtk", "Xwt.Gtk\Xwt.Gtk.csproj", "{C3887A93-B2BD-4097-8E2F-3A063EFF32FD}"
EndProject
Project("{FAE04EC0-301F-11D3-BF4B-00C04F79EFBC}") = "Xwt.Mac", "Xwt.Mac\Xwt.Mac.csproj", "{B7C1673E-5124-4BE5-8D21-EC8B12F85B6B}"
EndProject
Project("{FAE04EC0-301F-11D3-BF4B-00C04F79EFBC}") = "Xwt.WPF", "Xwt.WPF\Xwt.WPF.csproj", "{C93D746E-1586-4D4F-B411-BF5A966E6A08}"
EndProject
Project("{2150E333-8FDC-42A3-9474-1A3956D46DE8}") = "Testing", "Testing", "{164E1FED-7688-4AE9-B19B-012F8784F9DD}"
EndProject
Project("{FAE04EC0-301F-11D3-BF4B-00C04F79EFBC}") = "GtkTestRunner", "Testing\GtkTestRunner.csproj", "{BC764278-4141-483C-8643-2EA8C40373B2}"
EndProject
Project("{FAE04EC0-301F-11D3-BF4B-00C04F79EFBC}") = "MacTestRunner", "Testing\MacTestRunner.csproj", "{0017C823-67F6-4DFA-8C2C-E23CD1E33D8F}"
EndProject
Project("{FAE04EC0-301F-11D3-BF4B-00C04F79EFBC}") = "WpfTestRunner", "Testing\WpfTestRunner.csproj", "{C13CB518-B840-4FE7-AF3D-8C517A2FAD1F}"
EndProject
Project("{2150E333-8FDC-42A3-9474-1A3956D46DE8}") = "TestApps", "TestApps", "{83D74DDF-581E-4E2A-AE02-F4047A5B96C7}"
EndProject
Project("{FAE04EC0-301F-11D3-BF4B-00C04F79EFBC}") = "GtkTest", "TestApps\GtkTest\GtkTest.csproj", "{0AF50CE4-E455-4A9D-92AD-711CBD068A55}"
EndProject
Project("{FAE04EC0-301F-11D3-BF4B-00C04F79EFBC}") = "MacTest", "TestApps\MacTest\MacTest.csproj", "{2B7FF081-FE53-42F7-9D5D-D4B38E548F94}"
EndProject
Project("{FAE04EC0-301F-11D3-BF4B-00C04F79EFBC}") = "WpfTest", "TestApps\WpfTest\WpfTest.csproj", "{E41F4448-15C3-4E95-B310-FD333FDF5D2F}"
EndProject
Project("{FAE04EC0-301F-11D3-BF4B-00C04F79EFBC}") = "MixedGtkMacTest", "TestApps\MixedGtkMacTest\MixedGtkMacTest.csproj", "{14CF6E75-0D08-4BBD-B0F5-742196E5656D}"
EndProject
Project("{FAE04EC0-301F-11D3-BF4B-00C04F79EFBC}") = "GtkOnMacTest", "TestApps\GtkOnMacTest\GtkOnMacTest.csproj", "{5CFB1ABA-0CD0-45B9-ABC5-8A32096C0687}"
EndProject
Project("{FAE04EC0-301F-11D3-BF4B-00C04F79EFBC}") = "Samples", "TestApps\Samples\Samples.csproj", "{88C04B85-B69B-47B4-AB9F-64F6DD4E0897}"
EndProject
Project("{FAE04EC0-301F-11D3-BF4B-00C04F79EFBC}") = "GtkOnWindowsTest", "TestApps\GtkOnWindowsTest\GtkOnWindowsTest.csproj", "{C1DF0C90-0C4C-4AB5-A45C-A1805587A844}"
EndProject
Project("{FAE04EC0-301F-11D3-BF4B-00C04F79EFBC}") = "Gtk3Test", "TestApps\Gtk3Test\Gtk3Test.csproj", "{22524E1F-A94D-4204-AD90-A5FFE73970EC}"
EndProject
Project("{FAE04EC0-301F-11D3-BF4B-00C04F79EFBC}") = "Xwt.Gtk.Mac", "Xwt.Gtk.Mac\Xwt.Gtk.Mac.csproj", "{E95833C9-90AA-4366-9262-0A1BED148249}"
EndProject
Project("{FAE04EC0-301F-11D3-BF4B-00C04F79EFBC}") = "Xwt.Gtk.Windows", "Xwt.Gtk.Windows\Xwt.Gtk.Windows.csproj", "{252117CA-0ABB-4F36-BFC8-DE23A8089BB9}"
EndProject
Project("{FAE04EC0-301F-11D3-BF4B-00C04F79EFBC}") = "Xwt.Gtk3", "Xwt.Gtk\Xwt.Gtk3.csproj", "{3B25FD1F-CEBA-4450-8893-DC330FDB56A7}"
EndProject
Global
	GlobalSection(SolutionConfigurationPlatforms) = preSolution
		AppStore|Any CPU = AppStore|Any CPU
		AppStore|Mixed Platforms = AppStore|Mixed Platforms
		AppStore|x86 = AppStore|x86
		Debug|Any CPU = Debug|Any CPU
		Debug|Mixed Platforms = Debug|Mixed Platforms
		Debug|x86 = Debug|x86
		Linux-Debug|Any CPU = Linux-Debug|Any CPU
		Linux-Debug|Mixed Platforms = Linux-Debug|Mixed Platforms
		Linux-Debug|x86 = Linux-Debug|x86
		Mac-Debug|Any CPU = Mac-Debug|Any CPU
		Mac-Debug|Mixed Platforms = Mac-Debug|Mixed Platforms
		Mac-Debug|x86 = Mac-Debug|x86
		Release|Any CPU = Release|Any CPU
		Release|Mixed Platforms = Release|Mixed Platforms
		Release|x86 = Release|x86
		Win-Debug|Any CPU = Win-Debug|Any CPU
		Win-Debug|Mixed Platforms = Win-Debug|Mixed Platforms
		Win-Debug|x86 = Win-Debug|x86
	EndGlobalSection
	GlobalSection(ProjectConfigurationPlatforms) = postSolution
		{0017C823-67F6-4DFA-8C2C-E23CD1E33D8F}.AppStore|Any CPU.ActiveCfg = AppStore|Any CPU
		{0017C823-67F6-4DFA-8C2C-E23CD1E33D8F}.AppStore|Any CPU.Build.0 = AppStore|Any CPU
		{0017C823-67F6-4DFA-8C2C-E23CD1E33D8F}.AppStore|Mixed Platforms.ActiveCfg = AppStore|Any CPU
		{0017C823-67F6-4DFA-8C2C-E23CD1E33D8F}.AppStore|Mixed Platforms.Build.0 = AppStore|Any CPU
		{0017C823-67F6-4DFA-8C2C-E23CD1E33D8F}.AppStore|x86.ActiveCfg = AppStore|Any CPU
		{0017C823-67F6-4DFA-8C2C-E23CD1E33D8F}.AppStore|x86.Build.0 = AppStore|Any CPU
		{0017C823-67F6-4DFA-8C2C-E23CD1E33D8F}.Debug|Any CPU.ActiveCfg = Debug|Any CPU
		{0017C823-67F6-4DFA-8C2C-E23CD1E33D8F}.Debug|Any CPU.Build.0 = Debug|Any CPU
		{0017C823-67F6-4DFA-8C2C-E23CD1E33D8F}.Debug|Mixed Platforms.ActiveCfg = Debug|Any CPU
		{0017C823-67F6-4DFA-8C2C-E23CD1E33D8F}.Debug|Mixed Platforms.Build.0 = Debug|Any CPU
		{0017C823-67F6-4DFA-8C2C-E23CD1E33D8F}.Debug|x86.ActiveCfg = Debug|Any CPU
		{0017C823-67F6-4DFA-8C2C-E23CD1E33D8F}.Debug|x86.Build.0 = Debug|Any CPU
		{0017C823-67F6-4DFA-8C2C-E23CD1E33D8F}.Linux-Debug|Any CPU.ActiveCfg = Debug|Any CPU
		{0017C823-67F6-4DFA-8C2C-E23CD1E33D8F}.Linux-Debug|Any CPU.Build.0 = Debug|Any CPU
		{0017C823-67F6-4DFA-8C2C-E23CD1E33D8F}.Linux-Debug|Mixed Platforms.ActiveCfg = Debug|Any CPU
		{0017C823-67F6-4DFA-8C2C-E23CD1E33D8F}.Linux-Debug|Mixed Platforms.Build.0 = Debug|Any CPU
		{0017C823-67F6-4DFA-8C2C-E23CD1E33D8F}.Linux-Debug|x86.ActiveCfg = Debug|Any CPU
		{0017C823-67F6-4DFA-8C2C-E23CD1E33D8F}.Linux-Debug|x86.Build.0 = Debug|Any CPU
		{0017C823-67F6-4DFA-8C2C-E23CD1E33D8F}.Mac-Debug|Any CPU.ActiveCfg = Debug|Any CPU
		{0017C823-67F6-4DFA-8C2C-E23CD1E33D8F}.Mac-Debug|Any CPU.Build.0 = Debug|Any CPU
		{0017C823-67F6-4DFA-8C2C-E23CD1E33D8F}.Mac-Debug|Mixed Platforms.ActiveCfg = Debug|Any CPU
		{0017C823-67F6-4DFA-8C2C-E23CD1E33D8F}.Mac-Debug|Mixed Platforms.Build.0 = Debug|Any CPU
		{0017C823-67F6-4DFA-8C2C-E23CD1E33D8F}.Mac-Debug|x86.ActiveCfg = Debug|Any CPU
		{0017C823-67F6-4DFA-8C2C-E23CD1E33D8F}.Mac-Debug|x86.Build.0 = Debug|Any CPU
		{0017C823-67F6-4DFA-8C2C-E23CD1E33D8F}.Release|Any CPU.ActiveCfg = Release|Any CPU
		{0017C823-67F6-4DFA-8C2C-E23CD1E33D8F}.Release|Any CPU.Build.0 = Release|Any CPU
		{0017C823-67F6-4DFA-8C2C-E23CD1E33D8F}.Release|Mixed Platforms.ActiveCfg = Release|Any CPU
		{0017C823-67F6-4DFA-8C2C-E23CD1E33D8F}.Release|Mixed Platforms.Build.0 = Release|Any CPU
		{0017C823-67F6-4DFA-8C2C-E23CD1E33D8F}.Release|x86.ActiveCfg = Release|Any CPU
		{0017C823-67F6-4DFA-8C2C-E23CD1E33D8F}.Release|x86.Build.0 = Release|Any CPU
		{0017C823-67F6-4DFA-8C2C-E23CD1E33D8F}.Win-Debug|Any CPU.ActiveCfg = Debug|Any CPU
		{0017C823-67F6-4DFA-8C2C-E23CD1E33D8F}.Win-Debug|Mixed Platforms.ActiveCfg = Debug|Any CPU
		{0017C823-67F6-4DFA-8C2C-E23CD1E33D8F}.Win-Debug|x86.ActiveCfg = Debug|Any CPU
		{0AF50CE4-E455-4A9D-92AD-711CBD068A55}.AppStore|Any CPU.ActiveCfg = Debug|Any CPU
		{0AF50CE4-E455-4A9D-92AD-711CBD068A55}.AppStore|Any CPU.Build.0 = Debug|Any CPU
		{0AF50CE4-E455-4A9D-92AD-711CBD068A55}.AppStore|Mixed Platforms.ActiveCfg = Release|x86
		{0AF50CE4-E455-4A9D-92AD-711CBD068A55}.AppStore|Mixed Platforms.Build.0 = Release|x86
		{0AF50CE4-E455-4A9D-92AD-711CBD068A55}.AppStore|x86.ActiveCfg = Release|x86
		{0AF50CE4-E455-4A9D-92AD-711CBD068A55}.AppStore|x86.Build.0 = Release|x86
		{0AF50CE4-E455-4A9D-92AD-711CBD068A55}.Debug|Any CPU.ActiveCfg = Debug|Any CPU
		{0AF50CE4-E455-4A9D-92AD-711CBD068A55}.Debug|Mixed Platforms.ActiveCfg = Debug|x86
		{0AF50CE4-E455-4A9D-92AD-711CBD068A55}.Debug|Mixed Platforms.Build.0 = Debug|x86
		{0AF50CE4-E455-4A9D-92AD-711CBD068A55}.Debug|x86.ActiveCfg = Debug|x86
		{0AF50CE4-E455-4A9D-92AD-711CBD068A55}.Debug|x86.Build.0 = Debug|x86
		{0AF50CE4-E455-4A9D-92AD-711CBD068A55}.Linux-Debug|Any CPU.ActiveCfg = Debug|Any CPU
		{0AF50CE4-E455-4A9D-92AD-711CBD068A55}.Linux-Debug|Any CPU.Build.0 = Debug|Any CPU
		{0AF50CE4-E455-4A9D-92AD-711CBD068A55}.Linux-Debug|Mixed Platforms.ActiveCfg = Debug|x86
		{0AF50CE4-E455-4A9D-92AD-711CBD068A55}.Linux-Debug|Mixed Platforms.Build.0 = Debug|x86
		{0AF50CE4-E455-4A9D-92AD-711CBD068A55}.Linux-Debug|x86.ActiveCfg = Debug|x86
		{0AF50CE4-E455-4A9D-92AD-711CBD068A55}.Linux-Debug|x86.Build.0 = Debug|x86
		{0AF50CE4-E455-4A9D-92AD-711CBD068A55}.Mac-Debug|Any CPU.ActiveCfg = Debug|Any CPU
		{0AF50CE4-E455-4A9D-92AD-711CBD068A55}.Mac-Debug|Any CPU.Build.0 = Debug|Any CPU
		{0AF50CE4-E455-4A9D-92AD-711CBD068A55}.Mac-Debug|Mixed Platforms.ActiveCfg = Debug|x86
		{0AF50CE4-E455-4A9D-92AD-711CBD068A55}.Mac-Debug|Mixed Platforms.Build.0 = Debug|x86
		{0AF50CE4-E455-4A9D-92AD-711CBD068A55}.Mac-Debug|x86.ActiveCfg = Debug|x86
		{0AF50CE4-E455-4A9D-92AD-711CBD068A55}.Mac-Debug|x86.Build.0 = Debug|x86
		{0AF50CE4-E455-4A9D-92AD-711CBD068A55}.Release|Any CPU.ActiveCfg = Release|Any CPU
		{0AF50CE4-E455-4A9D-92AD-711CBD068A55}.Release|Any CPU.Build.0 = Release|Any CPU
		{0AF50CE4-E455-4A9D-92AD-711CBD068A55}.Release|Mixed Platforms.ActiveCfg = Release|x86
		{0AF50CE4-E455-4A9D-92AD-711CBD068A55}.Release|Mixed Platforms.Build.0 = Release|x86
		{0AF50CE4-E455-4A9D-92AD-711CBD068A55}.Release|x86.ActiveCfg = Release|x86
		{0AF50CE4-E455-4A9D-92AD-711CBD068A55}.Release|x86.Build.0 = Release|x86
		{0AF50CE4-E455-4A9D-92AD-711CBD068A55}.Win-Debug|Any CPU.ActiveCfg = Debug|x86
		{0AF50CE4-E455-4A9D-92AD-711CBD068A55}.Win-Debug|Any CPU.Build.0 = Debug|x86
		{0AF50CE4-E455-4A9D-92AD-711CBD068A55}.Win-Debug|Mixed Platforms.ActiveCfg = Debug|x86
		{0AF50CE4-E455-4A9D-92AD-711CBD068A55}.Win-Debug|Mixed Platforms.Build.0 = Debug|x86
		{0AF50CE4-E455-4A9D-92AD-711CBD068A55}.Win-Debug|x86.ActiveCfg = Debug|x86
		{0AF50CE4-E455-4A9D-92AD-711CBD068A55}.Win-Debug|x86.Build.0 = Debug|x86
		{14CF6E75-0D08-4BBD-B0F5-742196E5656D}.AppStore|Any CPU.ActiveCfg = Debug|Any CPU
		{14CF6E75-0D08-4BBD-B0F5-742196E5656D}.AppStore|Any CPU.Build.0 = Debug|Any CPU
		{14CF6E75-0D08-4BBD-B0F5-742196E5656D}.AppStore|Mixed Platforms.ActiveCfg = Release|Any CPU
		{14CF6E75-0D08-4BBD-B0F5-742196E5656D}.AppStore|Mixed Platforms.Build.0 = Release|Any CPU
		{14CF6E75-0D08-4BBD-B0F5-742196E5656D}.AppStore|x86.ActiveCfg = Release|Any CPU
		{14CF6E75-0D08-4BBD-B0F5-742196E5656D}.Debug|Any CPU.ActiveCfg = Debug|Any CPU
		{14CF6E75-0D08-4BBD-B0F5-742196E5656D}.Debug|Any CPU.Build.0 = Debug|Any CPU
		{14CF6E75-0D08-4BBD-B0F5-742196E5656D}.Debug|Mixed Platforms.ActiveCfg = Debug|Any CPU
		{14CF6E75-0D08-4BBD-B0F5-742196E5656D}.Debug|Mixed Platforms.Build.0 = Debug|Any CPU
		{14CF6E75-0D08-4BBD-B0F5-742196E5656D}.Debug|x86.ActiveCfg = Debug|Any CPU
		{14CF6E75-0D08-4BBD-B0F5-742196E5656D}.Linux-Debug|Any CPU.ActiveCfg = Debug|Any CPU
		{14CF6E75-0D08-4BBD-B0F5-742196E5656D}.Linux-Debug|Mixed Platforms.ActiveCfg = Debug|Any CPU
		{14CF6E75-0D08-4BBD-B0F5-742196E5656D}.Linux-Debug|Mixed Platforms.Build.0 = Debug|Any CPU
		{14CF6E75-0D08-4BBD-B0F5-742196E5656D}.Linux-Debug|x86.ActiveCfg = Debug|Any CPU
		{14CF6E75-0D08-4BBD-B0F5-742196E5656D}.Mac-Debug|Any CPU.ActiveCfg = Debug|Any CPU
		{14CF6E75-0D08-4BBD-B0F5-742196E5656D}.Mac-Debug|Any CPU.Build.0 = Debug|Any CPU
		{14CF6E75-0D08-4BBD-B0F5-742196E5656D}.Mac-Debug|Mixed Platforms.ActiveCfg = Debug|Any CPU
		{14CF6E75-0D08-4BBD-B0F5-742196E5656D}.Mac-Debug|Mixed Platforms.Build.0 = Debug|Any CPU
		{14CF6E75-0D08-4BBD-B0F5-742196E5656D}.Mac-Debug|x86.ActiveCfg = Debug|Any CPU
		{14CF6E75-0D08-4BBD-B0F5-742196E5656D}.Release|Any CPU.ActiveCfg = Release|Any CPU
		{14CF6E75-0D08-4BBD-B0F5-742196E5656D}.Release|Any CPU.Build.0 = Release|Any CPU
		{14CF6E75-0D08-4BBD-B0F5-742196E5656D}.Release|Mixed Platforms.ActiveCfg = Release|Any CPU
		{14CF6E75-0D08-4BBD-B0F5-742196E5656D}.Release|Mixed Platforms.Build.0 = Release|Any CPU
		{14CF6E75-0D08-4BBD-B0F5-742196E5656D}.Release|x86.ActiveCfg = Release|Any CPU
		{14CF6E75-0D08-4BBD-B0F5-742196E5656D}.Win-Debug|Any CPU.ActiveCfg = Debug|Any CPU
		{14CF6E75-0D08-4BBD-B0F5-742196E5656D}.Win-Debug|Mixed Platforms.ActiveCfg = Debug|Any CPU
		{14CF6E75-0D08-4BBD-B0F5-742196E5656D}.Win-Debug|x86.ActiveCfg = Debug|Any CPU
		{22524E1F-A94D-4204-AD90-A5FFE73970EC}.AppStore|Any CPU.ActiveCfg = Debug|Any CPU
		{22524E1F-A94D-4204-AD90-A5FFE73970EC}.AppStore|Any CPU.Build.0 = Debug|Any CPU
		{22524E1F-A94D-4204-AD90-A5FFE73970EC}.AppStore|Mixed Platforms.ActiveCfg = Release|x86
		{22524E1F-A94D-4204-AD90-A5FFE73970EC}.AppStore|Mixed Platforms.Build.0 = Release|x86
		{22524E1F-A94D-4204-AD90-A5FFE73970EC}.AppStore|x86.ActiveCfg = Release|x86
		{22524E1F-A94D-4204-AD90-A5FFE73970EC}.AppStore|x86.Build.0 = Release|x86
		{22524E1F-A94D-4204-AD90-A5FFE73970EC}.Debug|Any CPU.ActiveCfg = Debug|Any CPU
		{22524E1F-A94D-4204-AD90-A5FFE73970EC}.Debug|Any CPU.Build.0 = Debug|Any CPU
		{22524E1F-A94D-4204-AD90-A5FFE73970EC}.Debug|Mixed Platforms.ActiveCfg = Debug|Any CPU
		{22524E1F-A94D-4204-AD90-A5FFE73970EC}.Debug|Mixed Platforms.Build.0 = Debug|Any CPU
		{22524E1F-A94D-4204-AD90-A5FFE73970EC}.Debug|x86.ActiveCfg = Debug|x86
		{22524E1F-A94D-4204-AD90-A5FFE73970EC}.Debug|x86.Build.0 = Debug|x86
		{22524E1F-A94D-4204-AD90-A5FFE73970EC}.Linux-Debug|Any CPU.ActiveCfg = Debug|Any CPU
		{22524E1F-A94D-4204-AD90-A5FFE73970EC}.Linux-Debug|Any CPU.Build.0 = Debug|Any CPU
		{22524E1F-A94D-4204-AD90-A5FFE73970EC}.Linux-Debug|Mixed Platforms.ActiveCfg = Debug|x86
		{22524E1F-A94D-4204-AD90-A5FFE73970EC}.Linux-Debug|Mixed Platforms.Build.0 = Debug|x86
		{22524E1F-A94D-4204-AD90-A5FFE73970EC}.Linux-Debug|x86.ActiveCfg = Debug|x86
		{22524E1F-A94D-4204-AD90-A5FFE73970EC}.Linux-Debug|x86.Build.0 = Debug|x86
		{22524E1F-A94D-4204-AD90-A5FFE73970EC}.Mac-Debug|Any CPU.ActiveCfg = Debug|Any CPU
		{22524E1F-A94D-4204-AD90-A5FFE73970EC}.Mac-Debug|Mixed Platforms.ActiveCfg = Debug|x86
		{22524E1F-A94D-4204-AD90-A5FFE73970EC}.Mac-Debug|Mixed Platforms.Build.0 = Debug|x86
		{22524E1F-A94D-4204-AD90-A5FFE73970EC}.Mac-Debug|x86.ActiveCfg = Debug|x86
		{22524E1F-A94D-4204-AD90-A5FFE73970EC}.Mac-Debug|x86.Build.0 = Debug|x86
		{22524E1F-A94D-4204-AD90-A5FFE73970EC}.Release|Any CPU.ActiveCfg = Release|Any CPU
		{22524E1F-A94D-4204-AD90-A5FFE73970EC}.Release|Any CPU.Build.0 = Release|Any CPU
		{22524E1F-A94D-4204-AD90-A5FFE73970EC}.Release|Mixed Platforms.ActiveCfg = Release|Any CPU
		{22524E1F-A94D-4204-AD90-A5FFE73970EC}.Release|Mixed Platforms.Build.0 = Release|Any CPU
		{22524E1F-A94D-4204-AD90-A5FFE73970EC}.Release|x86.ActiveCfg = Release|x86
		{22524E1F-A94D-4204-AD90-A5FFE73970EC}.Release|x86.Build.0 = Release|x86
		{22524E1F-A94D-4204-AD90-A5FFE73970EC}.Win-Debug|Any CPU.ActiveCfg = Debug|x86
		{22524E1F-A94D-4204-AD90-A5FFE73970EC}.Win-Debug|Any CPU.Build.0 = Debug|x86
		{22524E1F-A94D-4204-AD90-A5FFE73970EC}.Win-Debug|Mixed Platforms.ActiveCfg = Debug|x86
		{22524E1F-A94D-4204-AD90-A5FFE73970EC}.Win-Debug|Mixed Platforms.Build.0 = Debug|x86
		{22524E1F-A94D-4204-AD90-A5FFE73970EC}.Win-Debug|x86.ActiveCfg = Debug|x86
		{22524E1F-A94D-4204-AD90-A5FFE73970EC}.Win-Debug|x86.Build.0 = Debug|x86
		{252117CA-0ABB-4F36-BFC8-DE23A8089BB9}.AppStore|Any CPU.ActiveCfg = Debug|Any CPU
		{252117CA-0ABB-4F36-BFC8-DE23A8089BB9}.AppStore|Any CPU.Build.0 = Debug|Any CPU
		{252117CA-0ABB-4F36-BFC8-DE23A8089BB9}.AppStore|Mixed Platforms.ActiveCfg = Release|Any CPU
		{252117CA-0ABB-4F36-BFC8-DE23A8089BB9}.AppStore|Mixed Platforms.Build.0 = Release|Any CPU
		{252117CA-0ABB-4F36-BFC8-DE23A8089BB9}.AppStore|x86.ActiveCfg = Release|Any CPU
		{252117CA-0ABB-4F36-BFC8-DE23A8089BB9}.AppStore|x86.Build.0 = Release|Any CPU
		{252117CA-0ABB-4F36-BFC8-DE23A8089BB9}.Debug|Any CPU.ActiveCfg = Debug|Any CPU
		{252117CA-0ABB-4F36-BFC8-DE23A8089BB9}.Debug|Mixed Platforms.ActiveCfg = Debug|Any CPU
		{252117CA-0ABB-4F36-BFC8-DE23A8089BB9}.Debug|Mixed Platforms.Build.0 = Debug|Any CPU
		{252117CA-0ABB-4F36-BFC8-DE23A8089BB9}.Debug|x86.ActiveCfg = Debug|Any CPU
		{252117CA-0ABB-4F36-BFC8-DE23A8089BB9}.Debug|x86.Build.0 = Debug|Any CPU
		{252117CA-0ABB-4F36-BFC8-DE23A8089BB9}.Linux-Debug|Any CPU.ActiveCfg = Debug|Any CPU
		{252117CA-0ABB-4F36-BFC8-DE23A8089BB9}.Linux-Debug|Mixed Platforms.ActiveCfg = Debug|Any CPU
		{252117CA-0ABB-4F36-BFC8-DE23A8089BB9}.Linux-Debug|Mixed Platforms.Build.0 = Debug|Any CPU
		{252117CA-0ABB-4F36-BFC8-DE23A8089BB9}.Linux-Debug|x86.ActiveCfg = Debug|Any CPU
		{252117CA-0ABB-4F36-BFC8-DE23A8089BB9}.Linux-Debug|x86.Build.0 = Debug|Any CPU
		{252117CA-0ABB-4F36-BFC8-DE23A8089BB9}.Mac-Debug|Any CPU.ActiveCfg = Debug|Any CPU
		{252117CA-0ABB-4F36-BFC8-DE23A8089BB9}.Mac-Debug|Mixed Platforms.ActiveCfg = Debug|Any CPU
		{252117CA-0ABB-4F36-BFC8-DE23A8089BB9}.Mac-Debug|Mixed Platforms.Build.0 = Debug|Any CPU
		{252117CA-0ABB-4F36-BFC8-DE23A8089BB9}.Mac-Debug|x86.ActiveCfg = Debug|Any CPU
		{252117CA-0ABB-4F36-BFC8-DE23A8089BB9}.Mac-Debug|x86.Build.0 = Debug|Any CPU
		{252117CA-0ABB-4F36-BFC8-DE23A8089BB9}.Release|Any CPU.ActiveCfg = Release|Any CPU
		{252117CA-0ABB-4F36-BFC8-DE23A8089BB9}.Release|Any CPU.Build.0 = Release|Any CPU
		{252117CA-0ABB-4F36-BFC8-DE23A8089BB9}.Release|Mixed Platforms.ActiveCfg = Release|Any CPU
		{252117CA-0ABB-4F36-BFC8-DE23A8089BB9}.Release|Mixed Platforms.Build.0 = Release|Any CPU
		{252117CA-0ABB-4F36-BFC8-DE23A8089BB9}.Release|x86.ActiveCfg = Release|Any CPU
		{252117CA-0ABB-4F36-BFC8-DE23A8089BB9}.Release|x86.Build.0 = Release|Any CPU
		{252117CA-0ABB-4F36-BFC8-DE23A8089BB9}.Win-Debug|Any CPU.ActiveCfg = Debug|Any CPU
		{252117CA-0ABB-4F36-BFC8-DE23A8089BB9}.Win-Debug|Any CPU.Build.0 = Debug|Any CPU
		{252117CA-0ABB-4F36-BFC8-DE23A8089BB9}.Win-Debug|Mixed Platforms.ActiveCfg = Debug|Any CPU
		{252117CA-0ABB-4F36-BFC8-DE23A8089BB9}.Win-Debug|Mixed Platforms.Build.0 = Debug|Any CPU
		{252117CA-0ABB-4F36-BFC8-DE23A8089BB9}.Win-Debug|x86.ActiveCfg = Debug|Any CPU
		{252117CA-0ABB-4F36-BFC8-DE23A8089BB9}.Win-Debug|x86.Build.0 = Debug|Any CPU
		{2B7FF081-FE53-42F7-9D5D-D4B38E548F94}.AppStore|Any CPU.ActiveCfg = Debug|Any CPU
		{2B7FF081-FE53-42F7-9D5D-D4B38E548F94}.AppStore|Any CPU.Build.0 = Debug|Any CPU
		{2B7FF081-FE53-42F7-9D5D-D4B38E548F94}.AppStore|Mixed Platforms.ActiveCfg = Release|Any CPU
		{2B7FF081-FE53-42F7-9D5D-D4B38E548F94}.AppStore|x86.ActiveCfg = Release|Any CPU
		{2B7FF081-FE53-42F7-9D5D-D4B38E548F94}.Debug|Any CPU.ActiveCfg = Debug|Any CPU
		{2B7FF081-FE53-42F7-9D5D-D4B38E548F94}.Debug|Mixed Platforms.ActiveCfg = Debug|Any CPU
		{2B7FF081-FE53-42F7-9D5D-D4B38E548F94}.Debug|x86.ActiveCfg = Debug|Any CPU
		{2B7FF081-FE53-42F7-9D5D-D4B38E548F94}.Linux-Debug|Any CPU.ActiveCfg = Debug|Any CPU
		{2B7FF081-FE53-42F7-9D5D-D4B38E548F94}.Linux-Debug|Mixed Platforms.ActiveCfg = Debug|Any CPU
		{2B7FF081-FE53-42F7-9D5D-D4B38E548F94}.Linux-Debug|x86.ActiveCfg = Debug|Any CPU
		{2B7FF081-FE53-42F7-9D5D-D4B38E548F94}.Mac-Debug|Any CPU.ActiveCfg = Debug|Any CPU
		{2B7FF081-FE53-42F7-9D5D-D4B38E548F94}.Mac-Debug|Any CPU.Build.0 = Debug|Any CPU
		{2B7FF081-FE53-42F7-9D5D-D4B38E548F94}.Mac-Debug|Mixed Platforms.ActiveCfg = Debug|Any CPU
		{2B7FF081-FE53-42F7-9D5D-D4B38E548F94}.Mac-Debug|x86.ActiveCfg = Debug|Any CPU
		{2B7FF081-FE53-42F7-9D5D-D4B38E548F94}.Release|Any CPU.ActiveCfg = Release|Any CPU
		{2B7FF081-FE53-42F7-9D5D-D4B38E548F94}.Release|Any CPU.Build.0 = Release|Any CPU
		{2B7FF081-FE53-42F7-9D5D-D4B38E548F94}.Release|Mixed Platforms.ActiveCfg = Release|Any CPU
		{2B7FF081-FE53-42F7-9D5D-D4B38E548F94}.Release|x86.ActiveCfg = Release|Any CPU
		{2B7FF081-FE53-42F7-9D5D-D4B38E548F94}.Win-Debug|Any CPU.ActiveCfg = Debug|Any CPU
		{2B7FF081-FE53-42F7-9D5D-D4B38E548F94}.Win-Debug|Mixed Platforms.ActiveCfg = Debug|Any CPU
		{2B7FF081-FE53-42F7-9D5D-D4B38E548F94}.Win-Debug|x86.ActiveCfg = Debug|Any CPU
		{3B25FD1F-CEBA-4450-8893-DC330FDB56A7}.AppStore|Any CPU.ActiveCfg = Debug|Any CPU
		{3B25FD1F-CEBA-4450-8893-DC330FDB56A7}.AppStore|Any CPU.Build.0 = Debug|Any CPU
		{3B25FD1F-CEBA-4450-8893-DC330FDB56A7}.AppStore|Mixed Platforms.ActiveCfg = Release|Any CPU
		{3B25FD1F-CEBA-4450-8893-DC330FDB56A7}.AppStore|Mixed Platforms.Build.0 = Release|Any CPU
		{3B25FD1F-CEBA-4450-8893-DC330FDB56A7}.AppStore|x86.ActiveCfg = Release|Any CPU
		{3B25FD1F-CEBA-4450-8893-DC330FDB56A7}.AppStore|x86.Build.0 = Release|Any CPU
		{3B25FD1F-CEBA-4450-8893-DC330FDB56A7}.Debug|Any CPU.ActiveCfg = Debug|Any CPU
		{3B25FD1F-CEBA-4450-8893-DC330FDB56A7}.Debug|Any CPU.Build.0 = Debug|Any CPU
		{3B25FD1F-CEBA-4450-8893-DC330FDB56A7}.Debug|Mixed Platforms.ActiveCfg = Debug|Any CPU
		{3B25FD1F-CEBA-4450-8893-DC330FDB56A7}.Debug|Mixed Platforms.Build.0 = Debug|Any CPU
		{3B25FD1F-CEBA-4450-8893-DC330FDB56A7}.Debug|x86.ActiveCfg = Debug|Any CPU
		{3B25FD1F-CEBA-4450-8893-DC330FDB56A7}.Debug|x86.Build.0 = Debug|Any CPU
		{3B25FD1F-CEBA-4450-8893-DC330FDB56A7}.Linux-Debug|Any CPU.ActiveCfg = Debug|Any CPU
		{3B25FD1F-CEBA-4450-8893-DC330FDB56A7}.Linux-Debug|Mixed Platforms.ActiveCfg = Debug|Any CPU
		{3B25FD1F-CEBA-4450-8893-DC330FDB56A7}.Linux-Debug|Mixed Platforms.Build.0 = Debug|Any CPU
		{3B25FD1F-CEBA-4450-8893-DC330FDB56A7}.Linux-Debug|x86.ActiveCfg = Debug|Any CPU
		{3B25FD1F-CEBA-4450-8893-DC330FDB56A7}.Linux-Debug|x86.Build.0 = Debug|Any CPU
		{3B25FD1F-CEBA-4450-8893-DC330FDB56A7}.Mac-Debug|Any CPU.ActiveCfg = Debug|Any CPU
		{3B25FD1F-CEBA-4450-8893-DC330FDB56A7}.Mac-Debug|Mixed Platforms.ActiveCfg = Debug|Any CPU
		{3B25FD1F-CEBA-4450-8893-DC330FDB56A7}.Mac-Debug|Mixed Platforms.Build.0 = Debug|Any CPU
		{3B25FD1F-CEBA-4450-8893-DC330FDB56A7}.Mac-Debug|x86.ActiveCfg = Debug|Any CPU
		{3B25FD1F-CEBA-4450-8893-DC330FDB56A7}.Mac-Debug|x86.Build.0 = Debug|Any CPU
		{3B25FD1F-CEBA-4450-8893-DC330FDB56A7}.Release|Any CPU.ActiveCfg = Release|Any CPU
		{3B25FD1F-CEBA-4450-8893-DC330FDB56A7}.Release|Any CPU.Build.0 = Release|Any CPU
		{3B25FD1F-CEBA-4450-8893-DC330FDB56A7}.Release|Mixed Platforms.ActiveCfg = Release|Any CPU
		{3B25FD1F-CEBA-4450-8893-DC330FDB56A7}.Release|Mixed Platforms.Build.0 = Release|Any CPU
		{3B25FD1F-CEBA-4450-8893-DC330FDB56A7}.Release|x86.ActiveCfg = Release|Any CPU
		{3B25FD1F-CEBA-4450-8893-DC330FDB56A7}.Release|x86.Build.0 = Release|Any CPU
		{3B25FD1F-CEBA-4450-8893-DC330FDB56A7}.Win-Debug|Any CPU.ActiveCfg = Debug|Any CPU
		{3B25FD1F-CEBA-4450-8893-DC330FDB56A7}.Win-Debug|Any CPU.Build.0 = Debug|Any CPU
		{3B25FD1F-CEBA-4450-8893-DC330FDB56A7}.Win-Debug|Mixed Platforms.ActiveCfg = Debug|Any CPU
		{3B25FD1F-CEBA-4450-8893-DC330FDB56A7}.Win-Debug|Mixed Platforms.Build.0 = Debug|Any CPU
		{3B25FD1F-CEBA-4450-8893-DC330FDB56A7}.Win-Debug|x86.ActiveCfg = Debug|Any CPU
		{3B25FD1F-CEBA-4450-8893-DC330FDB56A7}.Win-Debug|x86.Build.0 = Debug|Any CPU
		{5CFB1ABA-0CD0-45B9-ABC5-8A32096C0687}.AppStore|Any CPU.ActiveCfg = Debug|Any CPU
		{5CFB1ABA-0CD0-45B9-ABC5-8A32096C0687}.AppStore|Any CPU.Build.0 = Debug|Any CPU
		{5CFB1ABA-0CD0-45B9-ABC5-8A32096C0687}.AppStore|Mixed Platforms.ActiveCfg = Release|Any CPU
		{5CFB1ABA-0CD0-45B9-ABC5-8A32096C0687}.AppStore|Mixed Platforms.Build.0 = Release|Any CPU
		{5CFB1ABA-0CD0-45B9-ABC5-8A32096C0687}.AppStore|x86.ActiveCfg = Release|Any CPU
		{5CFB1ABA-0CD0-45B9-ABC5-8A32096C0687}.AppStore|x86.Build.0 = Release|Any CPU
		{5CFB1ABA-0CD0-45B9-ABC5-8A32096C0687}.Debug|Any CPU.ActiveCfg = Debug|Any CPU
		{5CFB1ABA-0CD0-45B9-ABC5-8A32096C0687}.Debug|Any CPU.Build.0 = Debug|Any CPU
		{5CFB1ABA-0CD0-45B9-ABC5-8A32096C0687}.Debug|Mixed Platforms.ActiveCfg = Debug|Any CPU
		{5CFB1ABA-0CD0-45B9-ABC5-8A32096C0687}.Debug|Mixed Platforms.Build.0 = Debug|Any CPU
		{5CFB1ABA-0CD0-45B9-ABC5-8A32096C0687}.Debug|x86.ActiveCfg = Debug|Any CPU
		{5CFB1ABA-0CD0-45B9-ABC5-8A32096C0687}.Debug|x86.Build.0 = Debug|Any CPU
		{5CFB1ABA-0CD0-45B9-ABC5-8A32096C0687}.Linux-Debug|Any CPU.ActiveCfg = Debug|Any CPU
		{5CFB1ABA-0CD0-45B9-ABC5-8A32096C0687}.Linux-Debug|Any CPU.Build.0 = Debug|Any CPU
		{5CFB1ABA-0CD0-45B9-ABC5-8A32096C0687}.Linux-Debug|Mixed Platforms.ActiveCfg = Debug|Any CPU
		{5CFB1ABA-0CD0-45B9-ABC5-8A32096C0687}.Linux-Debug|Mixed Platforms.Build.0 = Debug|Any CPU
		{5CFB1ABA-0CD0-45B9-ABC5-8A32096C0687}.Linux-Debug|x86.ActiveCfg = Debug|Any CPU
		{5CFB1ABA-0CD0-45B9-ABC5-8A32096C0687}.Linux-Debug|x86.Build.0 = Debug|Any CPU
		{5CFB1ABA-0CD0-45B9-ABC5-8A32096C0687}.Mac-Debug|Any CPU.ActiveCfg = Debug|Any CPU
		{5CFB1ABA-0CD0-45B9-ABC5-8A32096C0687}.Mac-Debug|Any CPU.Build.0 = Debug|Any CPU
		{5CFB1ABA-0CD0-45B9-ABC5-8A32096C0687}.Mac-Debug|Mixed Platforms.ActiveCfg = Debug|Any CPU
		{5CFB1ABA-0CD0-45B9-ABC5-8A32096C0687}.Mac-Debug|Mixed Platforms.Build.0 = Debug|Any CPU
		{5CFB1ABA-0CD0-45B9-ABC5-8A32096C0687}.Mac-Debug|x86.ActiveCfg = Debug|Any CPU
		{5CFB1ABA-0CD0-45B9-ABC5-8A32096C0687}.Mac-Debug|x86.Build.0 = Debug|Any CPU
		{5CFB1ABA-0CD0-45B9-ABC5-8A32096C0687}.Release|Any CPU.ActiveCfg = Release|Any CPU
		{5CFB1ABA-0CD0-45B9-ABC5-8A32096C0687}.Release|Any CPU.Build.0 = Release|Any CPU
		{5CFB1ABA-0CD0-45B9-ABC5-8A32096C0687}.Release|Mixed Platforms.ActiveCfg = Release|Any CPU
		{5CFB1ABA-0CD0-45B9-ABC5-8A32096C0687}.Release|Mixed Platforms.Build.0 = Release|Any CPU
		{5CFB1ABA-0CD0-45B9-ABC5-8A32096C0687}.Release|x86.ActiveCfg = Release|Any CPU
		{5CFB1ABA-0CD0-45B9-ABC5-8A32096C0687}.Release|x86.Build.0 = Release|Any CPU
		{5CFB1ABA-0CD0-45B9-ABC5-8A32096C0687}.Win-Debug|Any CPU.ActiveCfg = Debug|Any CPU
		{5CFB1ABA-0CD0-45B9-ABC5-8A32096C0687}.Win-Debug|Mixed Platforms.ActiveCfg = Debug|Any CPU
		{5CFB1ABA-0CD0-45B9-ABC5-8A32096C0687}.Win-Debug|x86.ActiveCfg = Debug|Any CPU
		{88C04B85-B69B-47B4-AB9F-64F6DD4E0897}.AppStore|Any CPU.ActiveCfg = Debug|Any CPU
		{88C04B85-B69B-47B4-AB9F-64F6DD4E0897}.AppStore|Any CPU.Build.0 = Debug|Any CPU
		{88C04B85-B69B-47B4-AB9F-64F6DD4E0897}.AppStore|Mixed Platforms.ActiveCfg = Release|Any CPU
		{88C04B85-B69B-47B4-AB9F-64F6DD4E0897}.AppStore|Mixed Platforms.Build.0 = Release|Any CPU
		{88C04B85-B69B-47B4-AB9F-64F6DD4E0897}.AppStore|x86.ActiveCfg = Release|Any CPU
		{88C04B85-B69B-47B4-AB9F-64F6DD4E0897}.AppStore|x86.Build.0 = Release|Any CPU
		{88C04B85-B69B-47B4-AB9F-64F6DD4E0897}.Debug|Any CPU.ActiveCfg = Debug|Any CPU
		{88C04B85-B69B-47B4-AB9F-64F6DD4E0897}.Debug|Any CPU.Build.0 = Debug|Any CPU
		{88C04B85-B69B-47B4-AB9F-64F6DD4E0897}.Debug|Mixed Platforms.ActiveCfg = Debug|Any CPU
		{88C04B85-B69B-47B4-AB9F-64F6DD4E0897}.Debug|Mixed Platforms.Build.0 = Debug|Any CPU
		{88C04B85-B69B-47B4-AB9F-64F6DD4E0897}.Debug|x86.ActiveCfg = Debug|Any CPU
		{88C04B85-B69B-47B4-AB9F-64F6DD4E0897}.Debug|x86.Build.0 = Debug|Any CPU
		{88C04B85-B69B-47B4-AB9F-64F6DD4E0897}.Linux-Debug|Any CPU.ActiveCfg = Debug|Any CPU
		{88C04B85-B69B-47B4-AB9F-64F6DD4E0897}.Linux-Debug|Any CPU.Build.0 = Debug|Any CPU
		{88C04B85-B69B-47B4-AB9F-64F6DD4E0897}.Linux-Debug|Mixed Platforms.ActiveCfg = Debug|Any CPU
		{88C04B85-B69B-47B4-AB9F-64F6DD4E0897}.Linux-Debug|Mixed Platforms.Build.0 = Debug|Any CPU
		{88C04B85-B69B-47B4-AB9F-64F6DD4E0897}.Linux-Debug|x86.ActiveCfg = Debug|Any CPU
		{88C04B85-B69B-47B4-AB9F-64F6DD4E0897}.Linux-Debug|x86.Build.0 = Debug|Any CPU
		{88C04B85-B69B-47B4-AB9F-64F6DD4E0897}.Mac-Debug|Any CPU.ActiveCfg = Debug|Any CPU
		{88C04B85-B69B-47B4-AB9F-64F6DD4E0897}.Mac-Debug|Any CPU.Build.0 = Debug|Any CPU
		{88C04B85-B69B-47B4-AB9F-64F6DD4E0897}.Mac-Debug|Mixed Platforms.ActiveCfg = Debug|Any CPU
		{88C04B85-B69B-47B4-AB9F-64F6DD4E0897}.Mac-Debug|Mixed Platforms.Build.0 = Debug|Any CPU
		{88C04B85-B69B-47B4-AB9F-64F6DD4E0897}.Mac-Debug|x86.ActiveCfg = Debug|Any CPU
		{88C04B85-B69B-47B4-AB9F-64F6DD4E0897}.Mac-Debug|x86.Build.0 = Debug|Any CPU
		{88C04B85-B69B-47B4-AB9F-64F6DD4E0897}.Release|Any CPU.ActiveCfg = Release|Any CPU
		{88C04B85-B69B-47B4-AB9F-64F6DD4E0897}.Release|Any CPU.Build.0 = Release|Any CPU
		{88C04B85-B69B-47B4-AB9F-64F6DD4E0897}.Release|Mixed Platforms.ActiveCfg = Release|Any CPU
		{88C04B85-B69B-47B4-AB9F-64F6DD4E0897}.Release|Mixed Platforms.Build.0 = Release|Any CPU
		{88C04B85-B69B-47B4-AB9F-64F6DD4E0897}.Release|x86.ActiveCfg = Release|Any CPU
		{88C04B85-B69B-47B4-AB9F-64F6DD4E0897}.Release|x86.Build.0 = Release|Any CPU
		{88C04B85-B69B-47B4-AB9F-64F6DD4E0897}.Win-Debug|Any CPU.ActiveCfg = Debug|Any CPU
		{88C04B85-B69B-47B4-AB9F-64F6DD4E0897}.Win-Debug|Any CPU.Build.0 = Debug|Any CPU
		{88C04B85-B69B-47B4-AB9F-64F6DD4E0897}.Win-Debug|Mixed Platforms.ActiveCfg = Debug|Any CPU
		{88C04B85-B69B-47B4-AB9F-64F6DD4E0897}.Win-Debug|Mixed Platforms.Build.0 = Debug|Any CPU
		{88C04B85-B69B-47B4-AB9F-64F6DD4E0897}.Win-Debug|x86.ActiveCfg = Debug|Any CPU
		{88C04B85-B69B-47B4-AB9F-64F6DD4E0897}.Win-Debug|x86.Build.0 = Debug|Any CPU
		{92494904-35FA-4DC9-BDE9-3A3E87AC49D3}.AppStore|Any CPU.ActiveCfg = Debug|Any CPU
		{92494904-35FA-4DC9-BDE9-3A3E87AC49D3}.AppStore|Any CPU.Build.0 = Debug|Any CPU
		{92494904-35FA-4DC9-BDE9-3A3E87AC49D3}.AppStore|Mixed Platforms.ActiveCfg = Release|Any CPU
		{92494904-35FA-4DC9-BDE9-3A3E87AC49D3}.AppStore|Mixed Platforms.Build.0 = Release|Any CPU
		{92494904-35FA-4DC9-BDE9-3A3E87AC49D3}.AppStore|x86.ActiveCfg = Release|Any CPU
		{92494904-35FA-4DC9-BDE9-3A3E87AC49D3}.Debug|Any CPU.ActiveCfg = Debug|Any CPU
		{92494904-35FA-4DC9-BDE9-3A3E87AC49D3}.Debug|Mixed Platforms.ActiveCfg = Debug|Any CPU
		{92494904-35FA-4DC9-BDE9-3A3E87AC49D3}.Debug|Mixed Platforms.Build.0 = Debug|Any CPU
		{92494904-35FA-4DC9-BDE9-3A3E87AC49D3}.Debug|x86.ActiveCfg = Debug|Any CPU
		{92494904-35FA-4DC9-BDE9-3A3E87AC49D3}.Linux-Debug|Any CPU.ActiveCfg = Debug|Any CPU
		{92494904-35FA-4DC9-BDE9-3A3E87AC49D3}.Linux-Debug|Any CPU.Build.0 = Debug|Any CPU
		{92494904-35FA-4DC9-BDE9-3A3E87AC49D3}.Linux-Debug|Mixed Platforms.ActiveCfg = Debug|Any CPU
		{92494904-35FA-4DC9-BDE9-3A3E87AC49D3}.Linux-Debug|Mixed Platforms.Build.0 = Debug|Any CPU
		{92494904-35FA-4DC9-BDE9-3A3E87AC49D3}.Linux-Debug|x86.ActiveCfg = Debug|Any CPU
		{92494904-35FA-4DC9-BDE9-3A3E87AC49D3}.Mac-Debug|Any CPU.ActiveCfg = Debug|Any CPU
		{92494904-35FA-4DC9-BDE9-3A3E87AC49D3}.Mac-Debug|Any CPU.Build.0 = Debug|Any CPU
		{92494904-35FA-4DC9-BDE9-3A3E87AC49D3}.Mac-Debug|Mixed Platforms.ActiveCfg = Debug|Any CPU
		{92494904-35FA-4DC9-BDE9-3A3E87AC49D3}.Mac-Debug|Mixed Platforms.Build.0 = Debug|Any CPU
		{92494904-35FA-4DC9-BDE9-3A3E87AC49D3}.Mac-Debug|x86.ActiveCfg = Debug|Any CPU
		{92494904-35FA-4DC9-BDE9-3A3E87AC49D3}.Release|Any CPU.ActiveCfg = Release|Any CPU
		{92494904-35FA-4DC9-BDE9-3A3E87AC49D3}.Release|Any CPU.Build.0 = Release|Any CPU
		{92494904-35FA-4DC9-BDE9-3A3E87AC49D3}.Release|Mixed Platforms.ActiveCfg = Release|Any CPU
		{92494904-35FA-4DC9-BDE9-3A3E87AC49D3}.Release|Mixed Platforms.Build.0 = Release|Any CPU
		{92494904-35FA-4DC9-BDE9-3A3E87AC49D3}.Release|x86.ActiveCfg = Release|Any CPU
		{92494904-35FA-4DC9-BDE9-3A3E87AC49D3}.Win-Debug|Any CPU.ActiveCfg = Debug|Any CPU
		{92494904-35FA-4DC9-BDE9-3A3E87AC49D3}.Win-Debug|Any CPU.Build.0 = Debug|Any CPU
		{92494904-35FA-4DC9-BDE9-3A3E87AC49D3}.Win-Debug|Mixed Platforms.ActiveCfg = Debug|Any CPU
		{92494904-35FA-4DC9-BDE9-3A3E87AC49D3}.Win-Debug|Mixed Platforms.Build.0 = Debug|Any CPU
		{92494904-35FA-4DC9-BDE9-3A3E87AC49D3}.Win-Debug|x86.ActiveCfg = Debug|Any CPU
		{92494904-35FA-4DC9-BDE9-3A3E87AC49D3}.Win-Debug|x86.Build.0 = Debug|Any CPU
		{B7C1673E-5124-4BE5-8D21-EC8B12F85B6B}.AppStore|Any CPU.ActiveCfg = Debug|Any CPU
		{B7C1673E-5124-4BE5-8D21-EC8B12F85B6B}.AppStore|Any CPU.Build.0 = Debug|Any CPU
		{B7C1673E-5124-4BE5-8D21-EC8B12F85B6B}.AppStore|Mixed Platforms.ActiveCfg = Release|Any CPU
		{B7C1673E-5124-4BE5-8D21-EC8B12F85B6B}.AppStore|Mixed Platforms.Build.0 = Release|Any CPU
		{B7C1673E-5124-4BE5-8D21-EC8B12F85B6B}.AppStore|x86.ActiveCfg = Release|Any CPU
		{B7C1673E-5124-4BE5-8D21-EC8B12F85B6B}.Debug|Any CPU.ActiveCfg = Debug|Any CPU
		{B7C1673E-5124-4BE5-8D21-EC8B12F85B6B}.Debug|Mixed Platforms.ActiveCfg = Debug|Any CPU
		{B7C1673E-5124-4BE5-8D21-EC8B12F85B6B}.Debug|Mixed Platforms.Build.0 = Debug|Any CPU
		{B7C1673E-5124-4BE5-8D21-EC8B12F85B6B}.Debug|x86.ActiveCfg = Debug|Any CPU
		{B7C1673E-5124-4BE5-8D21-EC8B12F85B6B}.Linux-Debug|Any CPU.ActiveCfg = Debug|Any CPU
		{B7C1673E-5124-4BE5-8D21-EC8B12F85B6B}.Linux-Debug|Mixed Platforms.ActiveCfg = Debug|Any CPU
		{B7C1673E-5124-4BE5-8D21-EC8B12F85B6B}.Linux-Debug|Mixed Platforms.Build.0 = Debug|Any CPU
		{B7C1673E-5124-4BE5-8D21-EC8B12F85B6B}.Linux-Debug|x86.ActiveCfg = Debug|Any CPU
		{B7C1673E-5124-4BE5-8D21-EC8B12F85B6B}.Mac-Debug|Any CPU.ActiveCfg = Debug|Any CPU
		{B7C1673E-5124-4BE5-8D21-EC8B12F85B6B}.Mac-Debug|Any CPU.Build.0 = Debug|Any CPU
		{B7C1673E-5124-4BE5-8D21-EC8B12F85B6B}.Mac-Debug|Mixed Platforms.ActiveCfg = Debug|Any CPU
		{B7C1673E-5124-4BE5-8D21-EC8B12F85B6B}.Mac-Debug|Mixed Platforms.Build.0 = Debug|Any CPU
		{B7C1673E-5124-4BE5-8D21-EC8B12F85B6B}.Mac-Debug|x86.ActiveCfg = Debug|Any CPU
		{B7C1673E-5124-4BE5-8D21-EC8B12F85B6B}.Release|Any CPU.ActiveCfg = Release|Any CPU
		{B7C1673E-5124-4BE5-8D21-EC8B12F85B6B}.Release|Any CPU.Build.0 = Release|Any CPU
		{B7C1673E-5124-4BE5-8D21-EC8B12F85B6B}.Release|Mixed Platforms.ActiveCfg = Release|Any CPU
		{B7C1673E-5124-4BE5-8D21-EC8B12F85B6B}.Release|Mixed Platforms.Build.0 = Release|Any CPU
		{B7C1673E-5124-4BE5-8D21-EC8B12F85B6B}.Release|x86.ActiveCfg = Release|Any CPU
		{B7C1673E-5124-4BE5-8D21-EC8B12F85B6B}.Win-Debug|Any CPU.ActiveCfg = Debug|Any CPU
		{B7C1673E-5124-4BE5-8D21-EC8B12F85B6B}.Win-Debug|Mixed Platforms.ActiveCfg = Debug|Any CPU
		{B7C1673E-5124-4BE5-8D21-EC8B12F85B6B}.Win-Debug|x86.ActiveCfg = Debug|Any CPU
		{BC764278-4141-483C-8643-2EA8C40373B2}.AppStore|Any CPU.ActiveCfg = Debug|Any CPU
		{BC764278-4141-483C-8643-2EA8C40373B2}.AppStore|Any CPU.Build.0 = Debug|Any CPU
		{BC764278-4141-483C-8643-2EA8C40373B2}.AppStore|Mixed Platforms.ActiveCfg = Release|Any CPU
		{BC764278-4141-483C-8643-2EA8C40373B2}.AppStore|Mixed Platforms.Build.0 = Release|Any CPU
		{BC764278-4141-483C-8643-2EA8C40373B2}.AppStore|x86.ActiveCfg = Release|Any CPU
		{BC764278-4141-483C-8643-2EA8C40373B2}.Debug|Any CPU.ActiveCfg = Debug|Any CPU
		{BC764278-4141-483C-8643-2EA8C40373B2}.Debug|Any CPU.Build.0 = Debug|Any CPU
		{BC764278-4141-483C-8643-2EA8C40373B2}.Debug|Mixed Platforms.ActiveCfg = Debug|Any CPU
		{BC764278-4141-483C-8643-2EA8C40373B2}.Debug|Mixed Platforms.Build.0 = Debug|Any CPU
		{BC764278-4141-483C-8643-2EA8C40373B2}.Debug|x86.ActiveCfg = Debug|Any CPU
		{BC764278-4141-483C-8643-2EA8C40373B2}.Linux-Debug|Any CPU.ActiveCfg = Debug|Any CPU
		{BC764278-4141-483C-8643-2EA8C40373B2}.Linux-Debug|Any CPU.Build.0 = Debug|Any CPU
		{BC764278-4141-483C-8643-2EA8C40373B2}.Linux-Debug|Mixed Platforms.ActiveCfg = Debug|Any CPU
		{BC764278-4141-483C-8643-2EA8C40373B2}.Linux-Debug|Mixed Platforms.Build.0 = Debug|Any CPU
		{BC764278-4141-483C-8643-2EA8C40373B2}.Linux-Debug|x86.ActiveCfg = Debug|Any CPU
		{BC764278-4141-483C-8643-2EA8C40373B2}.Mac-Debug|Any CPU.ActiveCfg = Debug|Any CPU
		{BC764278-4141-483C-8643-2EA8C40373B2}.Mac-Debug|Any CPU.Build.0 = Debug|Any CPU
		{BC764278-4141-483C-8643-2EA8C40373B2}.Mac-Debug|Mixed Platforms.ActiveCfg = Debug|Any CPU
		{BC764278-4141-483C-8643-2EA8C40373B2}.Mac-Debug|Mixed Platforms.Build.0 = Debug|Any CPU
		{BC764278-4141-483C-8643-2EA8C40373B2}.Mac-Debug|x86.ActiveCfg = Debug|Any CPU
		{BC764278-4141-483C-8643-2EA8C40373B2}.Release|Any CPU.ActiveCfg = Release|Any CPU
		{BC764278-4141-483C-8643-2EA8C40373B2}.Release|Any CPU.Build.0 = Release|Any CPU
		{BC764278-4141-483C-8643-2EA8C40373B2}.Release|Mixed Platforms.ActiveCfg = Release|Any CPU
		{BC764278-4141-483C-8643-2EA8C40373B2}.Release|Mixed Platforms.Build.0 = Release|Any CPU
		{BC764278-4141-483C-8643-2EA8C40373B2}.Release|x86.ActiveCfg = Release|Any CPU
		{BC764278-4141-483C-8643-2EA8C40373B2}.Win-Debug|Any CPU.ActiveCfg = Debug|Any CPU
		{BC764278-4141-483C-8643-2EA8C40373B2}.Win-Debug|Any CPU.Build.0 = Debug|Any CPU
		{BC764278-4141-483C-8643-2EA8C40373B2}.Win-Debug|Mixed Platforms.ActiveCfg = Debug|Any CPU
		{BC764278-4141-483C-8643-2EA8C40373B2}.Win-Debug|Mixed Platforms.Build.0 = Debug|Any CPU
		{BC764278-4141-483C-8643-2EA8C40373B2}.Win-Debug|x86.ActiveCfg = Debug|Any CPU
		{BC764278-4141-483C-8643-2EA8C40373B2}.Win-Debug|x86.Build.0 = Debug|Any CPU
		{C13CB518-B840-4FE7-AF3D-8C517A2FAD1F}.AppStore|Any CPU.ActiveCfg = Release|x86
		{C13CB518-B840-4FE7-AF3D-8C517A2FAD1F}.AppStore|Mixed Platforms.ActiveCfg = Release|x86
		{C13CB518-B840-4FE7-AF3D-8C517A2FAD1F}.AppStore|Mixed Platforms.Build.0 = Release|x86
		{C13CB518-B840-4FE7-AF3D-8C517A2FAD1F}.AppStore|x86.ActiveCfg = Release|x86
		{C13CB518-B840-4FE7-AF3D-8C517A2FAD1F}.AppStore|x86.Build.0 = Release|x86
		{C13CB518-B840-4FE7-AF3D-8C517A2FAD1F}.Debug|Any CPU.ActiveCfg = Debug|x86
		{C13CB518-B840-4FE7-AF3D-8C517A2FAD1F}.Debug|Mixed Platforms.ActiveCfg = Debug|x86
		{C13CB518-B840-4FE7-AF3D-8C517A2FAD1F}.Debug|Mixed Platforms.Build.0 = Debug|x86
		{C13CB518-B840-4FE7-AF3D-8C517A2FAD1F}.Debug|x86.ActiveCfg = Debug|x86
		{C13CB518-B840-4FE7-AF3D-8C517A2FAD1F}.Debug|x86.Build.0 = Debug|x86
		{C13CB518-B840-4FE7-AF3D-8C517A2FAD1F}.Linux-Debug|Any CPU.ActiveCfg = Debug|x86
		{C13CB518-B840-4FE7-AF3D-8C517A2FAD1F}.Linux-Debug|Mixed Platforms.ActiveCfg = Debug|x86
		{C13CB518-B840-4FE7-AF3D-8C517A2FAD1F}.Linux-Debug|Mixed Platforms.Build.0 = Debug|x86
		{C13CB518-B840-4FE7-AF3D-8C517A2FAD1F}.Linux-Debug|x86.ActiveCfg = Debug|x86
		{C13CB518-B840-4FE7-AF3D-8C517A2FAD1F}.Linux-Debug|x86.Build.0 = Debug|x86
		{C13CB518-B840-4FE7-AF3D-8C517A2FAD1F}.Mac-Debug|Any CPU.ActiveCfg = Debug|x86
		{C13CB518-B840-4FE7-AF3D-8C517A2FAD1F}.Mac-Debug|Mixed Platforms.ActiveCfg = Debug|x86
		{C13CB518-B840-4FE7-AF3D-8C517A2FAD1F}.Mac-Debug|Mixed Platforms.Build.0 = Debug|x86
		{C13CB518-B840-4FE7-AF3D-8C517A2FAD1F}.Mac-Debug|x86.ActiveCfg = Debug|x86
		{C13CB518-B840-4FE7-AF3D-8C517A2FAD1F}.Mac-Debug|x86.Build.0 = Debug|x86
		{C13CB518-B840-4FE7-AF3D-8C517A2FAD1F}.Release|Any CPU.ActiveCfg = Release|x86
		{C13CB518-B840-4FE7-AF3D-8C517A2FAD1F}.Release|Mixed Platforms.ActiveCfg = Release|x86
		{C13CB518-B840-4FE7-AF3D-8C517A2FAD1F}.Release|Mixed Platforms.Build.0 = Release|x86
		{C13CB518-B840-4FE7-AF3D-8C517A2FAD1F}.Release|x86.ActiveCfg = Release|x86
		{C13CB518-B840-4FE7-AF3D-8C517A2FAD1F}.Release|x86.Build.0 = Release|x86
		{C13CB518-B840-4FE7-AF3D-8C517A2FAD1F}.Win-Debug|Any CPU.ActiveCfg = Debug|x86
		{C13CB518-B840-4FE7-AF3D-8C517A2FAD1F}.Win-Debug|Any CPU.Build.0 = Debug|x86
		{C13CB518-B840-4FE7-AF3D-8C517A2FAD1F}.Win-Debug|Mixed Platforms.ActiveCfg = Debug|x86
		{C13CB518-B840-4FE7-AF3D-8C517A2FAD1F}.Win-Debug|Mixed Platforms.Build.0 = Debug|x86
		{C13CB518-B840-4FE7-AF3D-8C517A2FAD1F}.Win-Debug|x86.ActiveCfg = Debug|x86
		{C13CB518-B840-4FE7-AF3D-8C517A2FAD1F}.Win-Debug|x86.Build.0 = Debug|x86
		{C1DF0C90-0C4C-4AB5-A45C-A1805587A844}.AppStore|Any CPU.ActiveCfg = Debug|x86
		{C1DF0C90-0C4C-4AB5-A45C-A1805587A844}.AppStore|Any CPU.Build.0 = Debug|x86
		{C1DF0C90-0C4C-4AB5-A45C-A1805587A844}.AppStore|Mixed Platforms.ActiveCfg = Debug|x86
		{C1DF0C90-0C4C-4AB5-A45C-A1805587A844}.AppStore|Mixed Platforms.Build.0 = Debug|x86
		{C1DF0C90-0C4C-4AB5-A45C-A1805587A844}.AppStore|x86.ActiveCfg = Debug|x86
		{C1DF0C90-0C4C-4AB5-A45C-A1805587A844}.AppStore|x86.Build.0 = Debug|x86
		{C1DF0C90-0C4C-4AB5-A45C-A1805587A844}.Debug|Any CPU.ActiveCfg = Debug|x86
		{C1DF0C90-0C4C-4AB5-A45C-A1805587A844}.Debug|Any CPU.Build.0 = Debug|x86
		{C1DF0C90-0C4C-4AB5-A45C-A1805587A844}.Debug|Mixed Platforms.ActiveCfg = Debug|x86
		{C1DF0C90-0C4C-4AB5-A45C-A1805587A844}.Debug|Mixed Platforms.Build.0 = Debug|x86
		{C1DF0C90-0C4C-4AB5-A45C-A1805587A844}.Debug|x86.ActiveCfg = Debug|x86
		{C1DF0C90-0C4C-4AB5-A45C-A1805587A844}.Debug|x86.Build.0 = Debug|x86
		{C1DF0C90-0C4C-4AB5-A45C-A1805587A844}.Linux-Debug|Any CPU.ActiveCfg = Debug|x86
		{C1DF0C90-0C4C-4AB5-A45C-A1805587A844}.Linux-Debug|Any CPU.Build.0 = Debug|x86
		{C1DF0C90-0C4C-4AB5-A45C-A1805587A844}.Linux-Debug|Mixed Platforms.ActiveCfg = Debug|x86
		{C1DF0C90-0C4C-4AB5-A45C-A1805587A844}.Linux-Debug|Mixed Platforms.Build.0 = Debug|x86
		{C1DF0C90-0C4C-4AB5-A45C-A1805587A844}.Linux-Debug|x86.ActiveCfg = Debug|x86
		{C1DF0C90-0C4C-4AB5-A45C-A1805587A844}.Linux-Debug|x86.Build.0 = Debug|x86
		{C1DF0C90-0C4C-4AB5-A45C-A1805587A844}.Mac-Debug|Any CPU.ActiveCfg = Debug|x86
		{C1DF0C90-0C4C-4AB5-A45C-A1805587A844}.Mac-Debug|Any CPU.Build.0 = Debug|x86
		{C1DF0C90-0C4C-4AB5-A45C-A1805587A844}.Mac-Debug|Mixed Platforms.ActiveCfg = Debug|x86
		{C1DF0C90-0C4C-4AB5-A45C-A1805587A844}.Mac-Debug|Mixed Platforms.Build.0 = Debug|x86
		{C1DF0C90-0C4C-4AB5-A45C-A1805587A844}.Mac-Debug|x86.ActiveCfg = Debug|x86
		{C1DF0C90-0C4C-4AB5-A45C-A1805587A844}.Mac-Debug|x86.Build.0 = Debug|x86
		{C1DF0C90-0C4C-4AB5-A45C-A1805587A844}.Release|Any CPU.ActiveCfg = Release|x86
		{C1DF0C90-0C4C-4AB5-A45C-A1805587A844}.Release|Any CPU.Build.0 = Release|x86
		{C1DF0C90-0C4C-4AB5-A45C-A1805587A844}.Release|Mixed Platforms.ActiveCfg = Release|x86
		{C1DF0C90-0C4C-4AB5-A45C-A1805587A844}.Release|Mixed Platforms.Build.0 = Release|x86
		{C1DF0C90-0C4C-4AB5-A45C-A1805587A844}.Release|x86.ActiveCfg = Release|x86
		{C1DF0C90-0C4C-4AB5-A45C-A1805587A844}.Release|x86.Build.0 = Release|x86
		{C1DF0C90-0C4C-4AB5-A45C-A1805587A844}.Win-Debug|Any CPU.ActiveCfg = Debug|x86
		{C1DF0C90-0C4C-4AB5-A45C-A1805587A844}.Win-Debug|Any CPU.Build.0 = Debug|x86
		{C1DF0C90-0C4C-4AB5-A45C-A1805587A844}.Win-Debug|Mixed Platforms.ActiveCfg = Debug|x86
		{C1DF0C90-0C4C-4AB5-A45C-A1805587A844}.Win-Debug|Mixed Platforms.Build.0 = Debug|x86
		{C1DF0C90-0C4C-4AB5-A45C-A1805587A844}.Win-Debug|x86.ActiveCfg = Debug|x86
		{C1DF0C90-0C4C-4AB5-A45C-A1805587A844}.Win-Debug|x86.Build.0 = Debug|x86
		{C3887A93-B2BD-4097-8E2F-3A063EFF32FD}.AppStore|Any CPU.ActiveCfg = Debug|Any CPU
		{C3887A93-B2BD-4097-8E2F-3A063EFF32FD}.AppStore|Any CPU.Build.0 = Debug|Any CPU
		{C3887A93-B2BD-4097-8E2F-3A063EFF32FD}.AppStore|Mixed Platforms.ActiveCfg = Release|Any CPU
		{C3887A93-B2BD-4097-8E2F-3A063EFF32FD}.AppStore|Mixed Platforms.Build.0 = Release|Any CPU
		{C3887A93-B2BD-4097-8E2F-3A063EFF32FD}.AppStore|x86.ActiveCfg = Release|Any CPU
		{C3887A93-B2BD-4097-8E2F-3A063EFF32FD}.AppStore|x86.Build.0 = Release|Any CPU
		{C3887A93-B2BD-4097-8E2F-3A063EFF32FD}.Debug|Any CPU.ActiveCfg = Debug|Any CPU
		{C3887A93-B2BD-4097-8E2F-3A063EFF32FD}.Debug|Any CPU.Build.0 = Debug|Any CPU
		{C3887A93-B2BD-4097-8E2F-3A063EFF32FD}.Debug|Mixed Platforms.ActiveCfg = Debug|Any CPU
		{C3887A93-B2BD-4097-8E2F-3A063EFF32FD}.Debug|Mixed Platforms.Build.0 = Debug|Any CPU
		{C3887A93-B2BD-4097-8E2F-3A063EFF32FD}.Debug|x86.ActiveCfg = Debug|Any CPU
		{C3887A93-B2BD-4097-8E2F-3A063EFF32FD}.Debug|x86.Build.0 = Debug|Any CPU
		{C3887A93-B2BD-4097-8E2F-3A063EFF32FD}.Linux-Debug|Any CPU.ActiveCfg = Debug|Any CPU
		{C3887A93-B2BD-4097-8E2F-3A063EFF32FD}.Linux-Debug|Any CPU.Build.0 = Debug|Any CPU
		{C3887A93-B2BD-4097-8E2F-3A063EFF32FD}.Linux-Debug|Mixed Platforms.ActiveCfg = Debug|Any CPU
		{C3887A93-B2BD-4097-8E2F-3A063EFF32FD}.Linux-Debug|Mixed Platforms.Build.0 = Debug|Any CPU
		{C3887A93-B2BD-4097-8E2F-3A063EFF32FD}.Linux-Debug|x86.ActiveCfg = Debug|Any CPU
		{C3887A93-B2BD-4097-8E2F-3A063EFF32FD}.Linux-Debug|x86.Build.0 = Debug|Any CPU
		{C3887A93-B2BD-4097-8E2F-3A063EFF32FD}.Mac-Debug|Any CPU.ActiveCfg = Debug|Any CPU
		{C3887A93-B2BD-4097-8E2F-3A063EFF32FD}.Mac-Debug|Any CPU.Build.0 = Debug|Any CPU
		{C3887A93-B2BD-4097-8E2F-3A063EFF32FD}.Mac-Debug|Mixed Platforms.ActiveCfg = Debug|Any CPU
		{C3887A93-B2BD-4097-8E2F-3A063EFF32FD}.Mac-Debug|Mixed Platforms.Build.0 = Debug|Any CPU
		{C3887A93-B2BD-4097-8E2F-3A063EFF32FD}.Mac-Debug|x86.ActiveCfg = Debug|Any CPU
		{C3887A93-B2BD-4097-8E2F-3A063EFF32FD}.Mac-Debug|x86.Build.0 = Debug|Any CPU
		{C3887A93-B2BD-4097-8E2F-3A063EFF32FD}.Release|Any CPU.ActiveCfg = Release|Any CPU
		{C3887A93-B2BD-4097-8E2F-3A063EFF32FD}.Release|Any CPU.Build.0 = Release|Any CPU
		{C3887A93-B2BD-4097-8E2F-3A063EFF32FD}.Release|Mixed Platforms.ActiveCfg = Release|Any CPU
		{C3887A93-B2BD-4097-8E2F-3A063EFF32FD}.Release|Mixed Platforms.Build.0 = Release|Any CPU
		{C3887A93-B2BD-4097-8E2F-3A063EFF32FD}.Release|x86.ActiveCfg = Release|Any CPU
		{C3887A93-B2BD-4097-8E2F-3A063EFF32FD}.Release|x86.Build.0 = Release|Any CPU
		{C3887A93-B2BD-4097-8E2F-3A063EFF32FD}.Win-Debug|Any CPU.ActiveCfg = Debug|Any CPU
		{C3887A93-B2BD-4097-8E2F-3A063EFF32FD}.Win-Debug|Any CPU.Build.0 = Debug|Any CPU
		{C3887A93-B2BD-4097-8E2F-3A063EFF32FD}.Win-Debug|Mixed Platforms.ActiveCfg = Debug|Any CPU
		{C3887A93-B2BD-4097-8E2F-3A063EFF32FD}.Win-Debug|Mixed Platforms.Build.0 = Debug|Any CPU
		{C3887A93-B2BD-4097-8E2F-3A063EFF32FD}.Win-Debug|x86.ActiveCfg = Debug|Any CPU
		{C3887A93-B2BD-4097-8E2F-3A063EFF32FD}.Win-Debug|x86.Build.0 = Debug|Any CPU
		{C93D746E-1586-4D4F-B411-BF5A966E6A08}.AppStore|Any CPU.ActiveCfg = Debug|Any CPU
		{C93D746E-1586-4D4F-B411-BF5A966E6A08}.AppStore|Any CPU.Build.0 = Debug|Any CPU
		{C93D746E-1586-4D4F-B411-BF5A966E6A08}.AppStore|Mixed Platforms.ActiveCfg = Release|Any CPU
		{C93D746E-1586-4D4F-B411-BF5A966E6A08}.AppStore|Mixed Platforms.Build.0 = Release|Any CPU
		{C93D746E-1586-4D4F-B411-BF5A966E6A08}.AppStore|x86.ActiveCfg = Release|Any CPU
		{C93D746E-1586-4D4F-B411-BF5A966E6A08}.Debug|Any CPU.ActiveCfg = Debug|Any CPU
		{C93D746E-1586-4D4F-B411-BF5A966E6A08}.Debug|Mixed Platforms.ActiveCfg = Debug|Any CPU
		{C93D746E-1586-4D4F-B411-BF5A966E6A08}.Debug|Mixed Platforms.Build.0 = Debug|Any CPU
		{C93D746E-1586-4D4F-B411-BF5A966E6A08}.Debug|x86.ActiveCfg = Debug|Any CPU
		{C93D746E-1586-4D4F-B411-BF5A966E6A08}.Linux-Debug|Any CPU.ActiveCfg = Debug|Any CPU
		{C93D746E-1586-4D4F-B411-BF5A966E6A08}.Linux-Debug|Any CPU.Build.0 = Debug|Any CPU
		{C93D746E-1586-4D4F-B411-BF5A966E6A08}.Linux-Debug|Mixed Platforms.ActiveCfg = Debug|Any CPU
		{C93D746E-1586-4D4F-B411-BF5A966E6A08}.Linux-Debug|Mixed Platforms.Build.0 = Debug|Any CPU
		{C93D746E-1586-4D4F-B411-BF5A966E6A08}.Linux-Debug|x86.ActiveCfg = Debug|Any CPU
		{C93D746E-1586-4D4F-B411-BF5A966E6A08}.Mac-Debug|Any CPU.ActiveCfg = Debug|Any CPU
		{C93D746E-1586-4D4F-B411-BF5A966E6A08}.Mac-Debug|Mixed Platforms.ActiveCfg = Debug|Any CPU
		{C93D746E-1586-4D4F-B411-BF5A966E6A08}.Mac-Debug|Mixed Platforms.Build.0 = Debug|Any CPU
		{C93D746E-1586-4D4F-B411-BF5A966E6A08}.Mac-Debug|x86.ActiveCfg = Debug|Any CPU
		{C93D746E-1586-4D4F-B411-BF5A966E6A08}.Release|Any CPU.ActiveCfg = Release|Any CPU
		{C93D746E-1586-4D4F-B411-BF5A966E6A08}.Release|Any CPU.Build.0 = Release|Any CPU
		{C93D746E-1586-4D4F-B411-BF5A966E6A08}.Release|Mixed Platforms.ActiveCfg = Release|Any CPU
		{C93D746E-1586-4D4F-B411-BF5A966E6A08}.Release|Mixed Platforms.Build.0 = Release|Any CPU
		{C93D746E-1586-4D4F-B411-BF5A966E6A08}.Release|x86.ActiveCfg = Release|Any CPU
		{C93D746E-1586-4D4F-B411-BF5A966E6A08}.Win-Debug|Any CPU.ActiveCfg = Debug|Any CPU
		{C93D746E-1586-4D4F-B411-BF5A966E6A08}.Win-Debug|Any CPU.Build.0 = Debug|Any CPU
		{C93D746E-1586-4D4F-B411-BF5A966E6A08}.Win-Debug|Mixed Platforms.ActiveCfg = Debug|Any CPU
		{C93D746E-1586-4D4F-B411-BF5A966E6A08}.Win-Debug|Mixed Platforms.Build.0 = Debug|Any CPU
		{C93D746E-1586-4D4F-B411-BF5A966E6A08}.Win-Debug|x86.ActiveCfg = Debug|Any CPU
		{C93D746E-1586-4D4F-B411-BF5A966E6A08}.Win-Debug|x86.Build.0 = Debug|Any CPU
		{E41F4448-15C3-4E95-B310-FD333FDF5D2F}.AppStore|Any CPU.ActiveCfg = Debug|Any CPU
		{E41F4448-15C3-4E95-B310-FD333FDF5D2F}.AppStore|Any CPU.Build.0 = Debug|Any CPU
		{E41F4448-15C3-4E95-B310-FD333FDF5D2F}.AppStore|Mixed Platforms.ActiveCfg = Release|x86
		{E41F4448-15C3-4E95-B310-FD333FDF5D2F}.AppStore|Mixed Platforms.Build.0 = Release|x86
		{E41F4448-15C3-4E95-B310-FD333FDF5D2F}.AppStore|x86.ActiveCfg = Release|x86
		{E41F4448-15C3-4E95-B310-FD333FDF5D2F}.AppStore|x86.Build.0 = Release|x86
		{E41F4448-15C3-4E95-B310-FD333FDF5D2F}.Debug|Any CPU.ActiveCfg = Debug|Any CPU
		{E41F4448-15C3-4E95-B310-FD333FDF5D2F}.Debug|Mixed Platforms.ActiveCfg = Debug|x86
		{E41F4448-15C3-4E95-B310-FD333FDF5D2F}.Debug|Mixed Platforms.Build.0 = Debug|x86
		{E41F4448-15C3-4E95-B310-FD333FDF5D2F}.Debug|x86.ActiveCfg = Debug|x86
		{E41F4448-15C3-4E95-B310-FD333FDF5D2F}.Debug|x86.Build.0 = Debug|x86
		{E41F4448-15C3-4E95-B310-FD333FDF5D2F}.Linux-Debug|Any CPU.ActiveCfg = Debug|Any CPU
		{E41F4448-15C3-4E95-B310-FD333FDF5D2F}.Linux-Debug|Any CPU.Build.0 = Debug|Any CPU
		{E41F4448-15C3-4E95-B310-FD333FDF5D2F}.Linux-Debug|Mixed Platforms.ActiveCfg = Debug|x86
		{E41F4448-15C3-4E95-B310-FD333FDF5D2F}.Linux-Debug|Mixed Platforms.Build.0 = Debug|x86
		{E41F4448-15C3-4E95-B310-FD333FDF5D2F}.Linux-Debug|x86.ActiveCfg = Debug|x86
		{E41F4448-15C3-4E95-B310-FD333FDF5D2F}.Linux-Debug|x86.Build.0 = Debug|x86
		{E41F4448-15C3-4E95-B310-FD333FDF5D2F}.Mac-Debug|Any CPU.ActiveCfg = Debug|Any CPU
		{E41F4448-15C3-4E95-B310-FD333FDF5D2F}.Mac-Debug|Mixed Platforms.ActiveCfg = Debug|x86
		{E41F4448-15C3-4E95-B310-FD333FDF5D2F}.Mac-Debug|Mixed Platforms.Build.0 = Debug|x86
		{E41F4448-15C3-4E95-B310-FD333FDF5D2F}.Mac-Debug|x86.ActiveCfg = Debug|x86
		{E41F4448-15C3-4E95-B310-FD333FDF5D2F}.Mac-Debug|x86.Build.0 = Debug|x86
		{E41F4448-15C3-4E95-B310-FD333FDF5D2F}.Release|Any CPU.ActiveCfg = Release|Any CPU
		{E41F4448-15C3-4E95-B310-FD333FDF5D2F}.Release|Any CPU.Build.0 = Release|Any CPU
		{E41F4448-15C3-4E95-B310-FD333FDF5D2F}.Release|Mixed Platforms.ActiveCfg = Release|x86
		{E41F4448-15C3-4E95-B310-FD333FDF5D2F}.Release|Mixed Platforms.Build.0 = Release|x86
		{E41F4448-15C3-4E95-B310-FD333FDF5D2F}.Release|x86.ActiveCfg = Release|x86
		{E41F4448-15C3-4E95-B310-FD333FDF5D2F}.Release|x86.Build.0 = Release|x86
		{E41F4448-15C3-4E95-B310-FD333FDF5D2F}.Win-Debug|Any CPU.ActiveCfg = Debug|x86
		{E41F4448-15C3-4E95-B310-FD333FDF5D2F}.Win-Debug|Any CPU.Build.0 = Debug|x86
		{E41F4448-15C3-4E95-B310-FD333FDF5D2F}.Win-Debug|Mixed Platforms.ActiveCfg = Debug|x86
		{E41F4448-15C3-4E95-B310-FD333FDF5D2F}.Win-Debug|Mixed Platforms.Build.0 = Debug|x86
		{E41F4448-15C3-4E95-B310-FD333FDF5D2F}.Win-Debug|x86.ActiveCfg = Debug|x86
		{E41F4448-15C3-4E95-B310-FD333FDF5D2F}.Win-Debug|x86.Build.0 = Debug|x86
		{E95833C9-90AA-4366-9262-0A1BED148249}.AppStore|Any CPU.ActiveCfg = Debug|Any CPU
		{E95833C9-90AA-4366-9262-0A1BED148249}.AppStore|Any CPU.Build.0 = Debug|Any CPU
		{E95833C9-90AA-4366-9262-0A1BED148249}.AppStore|Mixed Platforms.ActiveCfg = Release|Any CPU
		{E95833C9-90AA-4366-9262-0A1BED148249}.AppStore|Mixed Platforms.Build.0 = Release|Any CPU
		{E95833C9-90AA-4366-9262-0A1BED148249}.AppStore|x86.ActiveCfg = Release|Any CPU
		{E95833C9-90AA-4366-9262-0A1BED148249}.AppStore|x86.Build.0 = Release|Any CPU
		{E95833C9-90AA-4366-9262-0A1BED148249}.Debug|Any CPU.ActiveCfg = Debug|Any CPU
		{E95833C9-90AA-4366-9262-0A1BED148249}.Debug|Mixed Platforms.ActiveCfg = Debug|Any CPU
		{E95833C9-90AA-4366-9262-0A1BED148249}.Debug|Mixed Platforms.Build.0 = Debug|Any CPU
		{E95833C9-90AA-4366-9262-0A1BED148249}.Debug|x86.ActiveCfg = Debug|Any CPU
		{E95833C9-90AA-4366-9262-0A1BED148249}.Debug|x86.Build.0 = Debug|Any CPU
		{E95833C9-90AA-4366-9262-0A1BED148249}.Linux-Debug|Any CPU.ActiveCfg = Debug|Any CPU
		{E95833C9-90AA-4366-9262-0A1BED148249}.Linux-Debug|Mixed Platforms.ActiveCfg = Debug|Any CPU
		{E95833C9-90AA-4366-9262-0A1BED148249}.Linux-Debug|Mixed Platforms.Build.0 = Debug|Any CPU
		{E95833C9-90AA-4366-9262-0A1BED148249}.Linux-Debug|x86.ActiveCfg = Debug|Any CPU
		{E95833C9-90AA-4366-9262-0A1BED148249}.Linux-Debug|x86.Build.0 = Debug|Any CPU
		{E95833C9-90AA-4366-9262-0A1BED148249}.Mac-Debug|Any CPU.ActiveCfg = Debug|Any CPU
		{E95833C9-90AA-4366-9262-0A1BED148249}.Mac-Debug|Any CPU.Build.0 = Debug|Any CPU
		{E95833C9-90AA-4366-9262-0A1BED148249}.Mac-Debug|Mixed Platforms.ActiveCfg = Debug|Any CPU
		{E95833C9-90AA-4366-9262-0A1BED148249}.Mac-Debug|Mixed Platforms.Build.0 = Debug|Any CPU
		{E95833C9-90AA-4366-9262-0A1BED148249}.Mac-Debug|x86.ActiveCfg = Debug|Any CPU
		{E95833C9-90AA-4366-9262-0A1BED148249}.Mac-Debug|x86.Build.0 = Debug|Any CPU
		{E95833C9-90AA-4366-9262-0A1BED148249}.Release|Any CPU.ActiveCfg = Release|Any CPU
		{E95833C9-90AA-4366-9262-0A1BED148249}.Release|Any CPU.Build.0 = Release|Any CPU
		{E95833C9-90AA-4366-9262-0A1BED148249}.Release|Mixed Platforms.ActiveCfg = Release|Any CPU
		{E95833C9-90AA-4366-9262-0A1BED148249}.Release|Mixed Platforms.Build.0 = Release|Any CPU
		{E95833C9-90AA-4366-9262-0A1BED148249}.Release|x86.ActiveCfg = Release|Any CPU
		{E95833C9-90AA-4366-9262-0A1BED148249}.Release|x86.Build.0 = Release|Any CPU
		{E95833C9-90AA-4366-9262-0A1BED148249}.Win-Debug|Any CPU.ActiveCfg = Debug|Any CPU
		{E95833C9-90AA-4366-9262-0A1BED148249}.Win-Debug|Mixed Platforms.ActiveCfg = Debug|Any CPU
		{E95833C9-90AA-4366-9262-0A1BED148249}.Win-Debug|x86.ActiveCfg = Debug|Any CPU
	EndGlobalSection
	GlobalSection(NestedProjects) = preSolution
		{BC764278-4141-483C-8643-2EA8C40373B2} = {164E1FED-7688-4AE9-B19B-012F8784F9DD}
		{0017C823-67F6-4DFA-8C2C-E23CD1E33D8F} = {164E1FED-7688-4AE9-B19B-012F8784F9DD}
		{C13CB518-B840-4FE7-AF3D-8C517A2FAD1F} = {164E1FED-7688-4AE9-B19B-012F8784F9DD}
		{0AF50CE4-E455-4A9D-92AD-711CBD068A55} = {83D74DDF-581E-4E2A-AE02-F4047A5B96C7}
		{2B7FF081-FE53-42F7-9D5D-D4B38E548F94} = {83D74DDF-581E-4E2A-AE02-F4047A5B96C7}
		{E41F4448-15C3-4E95-B310-FD333FDF5D2F} = {83D74DDF-581E-4E2A-AE02-F4047A5B96C7}
		{14CF6E75-0D08-4BBD-B0F5-742196E5656D} = {83D74DDF-581E-4E2A-AE02-F4047A5B96C7}
		{5CFB1ABA-0CD0-45B9-ABC5-8A32096C0687} = {83D74DDF-581E-4E2A-AE02-F4047A5B96C7}
		{88C04B85-B69B-47B4-AB9F-64F6DD4E0897} = {83D74DDF-581E-4E2A-AE02-F4047A5B96C7}
		{C1DF0C90-0C4C-4AB5-A45C-A1805587A844} = {83D74DDF-581E-4E2A-AE02-F4047A5B96C7}
		{22524E1F-A94D-4204-AD90-A5FFE73970EC} = {83D74DDF-581E-4E2A-AE02-F4047A5B96C7}
	EndGlobalSection
	GlobalSection(MonoDevelopProperties) = preSolution
		Policies = $0
		$0.DotNetNamingPolicy = $1
		$1.DirectoryNamespaceAssociation = None
		$1.ResourceNamePolicy = FileFormatDefault
		$0.VersionControlPolicy = $2
		$2.inheritsSet = Mono
		$0.StandardHeader = $3
		$3.Text = @\n${FileName}\n \nAuthor:\n      ${AuthorName} <${AuthorEmail}>\n\nCopyright (c) ${Year} ${CopyrightHolder}\n\nPermission is hereby granted, free of charge, to any person obtaining a copy\nof this software and associated documentation files (the "Software"), to deal\nin the Software without restriction, including without limitation the rights\nto use, copy, modify, merge, publish, distribute, sublicense, and/or sell\ncopies of the Software, and to permit persons to whom the Software is\nfurnished to do so, subject to the following conditions:\n\nThe above copyright notice and this permission notice shall be included in\nall copies or substantial portions of the Software.\n\nTHE SOFTWARE IS PROVIDED "AS IS", WITHOUT WARRANTY OF ANY KIND, EXPRESS OR\nIMPLIED, INCLUDING BUT NOT LIMITED TO THE WARRANTIES OF MERCHANTABILITY,\nFITNESS FOR A PARTICULAR PURPOSE AND NONINFRINGEMENT. IN NO EVENT SHALL THE\nAUTHORS OR COPYRIGHT HOLDERS BE LIABLE FOR ANY CLAIM, DAMAGES OR OTHER\nLIABILITY, WHETHER IN AN ACTION OF CONTRACT, TORT OR OTHERWISE, ARISING FROM,\nOUT OF OR IN CONNECTION WITH THE SOFTWARE OR THE USE OR OTHER DEALINGS IN\nTHE SOFTWARE.
		$3.IncludeInNewFiles = True
	EndGlobalSection
	GlobalSection(SolutionProperties) = preSolution
		HideSolutionNode = FALSE
	EndGlobalSection
EndGlobal
